// !$*UTF8*$!
{
	archiveVersion = 1;
	classes = {
	};
	objectVersion = 56;
	objects = {

/* Begin PBXBuildFile section */
		100000000000000000000001 /* SwipeCleanApp.swift in Sources */ = {isa = PBXBuildFile; fileRef = 100000000000000000000101 /* SwipeCleanApp.swift */; };
		100000000000000000000002 /* OnboardingScreen.swift in Sources */ = {isa = PBXBuildFile; fileRef = 100000000000000000000102 /* OnboardingScreen.swift */; };
		100000000000000000000003 /* MonthListScreen.swift in Sources */ = {isa = PBXBuildFile; fileRef = 100000000000000000000103 /* MonthListScreen.swift */; };
		100000000000000000000004 /* SwipeSessionScreen.swift in Sources */ = {isa = PBXBuildFile; fileRef = 100000000000000000000104 /* SwipeSessionScreen.swift */; };
		100000000000000000000005 /* CleanupSummaryScreen.swift in Sources */ = {isa = PBXBuildFile; fileRef = 100000000000000000000105 /* CleanupSummaryScreen.swift */; };
		100000000000000000000006 /* MonthGroup.swift in Sources */ = {isa = PBXBuildFile; fileRef = 100000000000000000000106 /* MonthGroup.swift */; };
		100000000000000000000007 /* PhotoAsset.swift in Sources */ = {isa = PBXBuildFile; fileRef = 100000000000000000000107 /* PhotoAsset.swift */; };
		100000000000000000000008 /* SwipeDecision.swift in Sources */ = {isa = PBXBuildFile; fileRef = 100000000000000000000108 /* SwipeDecision.swift */; };
		100000000000000000000009 /* MockPhotoLibrary.swift in Sources */ = {isa = PBXBuildFile; fileRef = 100000000000000000000109 /* MockPhotoLibrary.swift */; };
		10000000000000000000000A /* SwipeSessionViewModel.swift in Sources */ = {isa = PBXBuildFile; fileRef = 10000000000000000000010A /* SwipeSessionViewModel.swift */; };
		10000000000000000000000B /* PhotoLibraryPermissionViewModel.swift in Sources */ = {isa = PBXBuildFile; fileRef = 10000000000000000000010B /* PhotoLibraryPermissionViewModel.swift */; };
		10000000000000000000000C /* PhotoLibraryService.swift in Sources */ = {isa = PBXBuildFile; fileRef = 10000000000000000000010C /* PhotoLibraryService.swift */; };
		10000000000000000000000D /* PhotoThumbnailService.swift in Sources */ = {isa = PBXBuildFile; fileRef = 10000000000000000000010D /* PhotoThumbnailService.swift */; };
		10000000000000000000000E /* PhotoDeletionService.swift in Sources */ = {isa = PBXBuildFile; fileRef = 10000000000000000000010E /* PhotoDeletionService.swift */; };
		10000000000000000000000F /* CleanupModesScreen.swift in Sources */ = {isa = PBXBuildFile; fileRef = 10000000000000000000010F /* CleanupModesScreen.swift */; };
		100000000000000000000010 /* AppTheme.swift in Sources */ = {isa = PBXBuildFile; fileRef = 100000000000000000000110 /* AppTheme.swift */; };
		100000000000000000000011 /* SettingsScreen.swift in Sources */ = {isa = PBXBuildFile; fileRef = 100000000000000000000111 /* SettingsScreen.swift */; };
		100000000000000000000012 /* PhotoLibraryAccessHelper.swift in Sources */ = {isa = PBXBuildFile; fileRef = 100000000000000000000112 /* PhotoLibraryAccessHelper.swift */; };
		100000000000000000000013 /* AppLanguage.swift in Sources */ = {isa = PBXBuildFile; fileRef = 100000000000000000000113 /* AppLanguage.swift */; };
		100000000000000000000014 /* Localizable.strings in Resources */ = {isa = PBXBuildFile; fileRef = 100000000000000000000416 /* Localizable.strings */; };
		100000000000000000000015 /* InfoPlist.strings in Resources */ = {isa = PBXBuildFile; fileRef = 100000000000000000000417 /* InfoPlist.strings */; };
/* End PBXBuildFile section */

/* Begin PBXFileReference section */
		100000000000000000000101 /* SwipeCleanApp.swift */ = {isa = PBXFileReference; lastKnownFileType = sourcecode.swift; path = SwipeCleanApp.swift; sourceTree = "<group>"; };
		100000000000000000000102 /* OnboardingScreen.swift */ = {isa = PBXFileReference; lastKnownFileType = sourcecode.swift; path = OnboardingScreen.swift; sourceTree = "<group>"; };
		100000000000000000000103 /* MonthListScreen.swift */ = {isa = PBXFileReference; lastKnownFileType = sourcecode.swift; path = MonthListScreen.swift; sourceTree = "<group>"; };
		100000000000000000000104 /* SwipeSessionScreen.swift */ = {isa = PBXFileReference; lastKnownFileType = sourcecode.swift; path = SwipeSessionScreen.swift; sourceTree = "<group>"; };
		100000000000000000000105 /* CleanupSummaryScreen.swift */ = {isa = PBXFileReference; lastKnownFileType = sourcecode.swift; path = CleanupSummaryScreen.swift; sourceTree = "<group>"; };
		100000000000000000000106 /* MonthGroup.swift */ = {isa = PBXFileReference; lastKnownFileType = sourcecode.swift; path = MonthGroup.swift; sourceTree = "<group>"; };
		100000000000000000000107 /* PhotoAsset.swift */ = {isa = PBXFileReference; lastKnownFileType = sourcecode.swift; path = PhotoAsset.swift; sourceTree = "<group>"; };
		100000000000000000000108 /* SwipeDecision.swift */ = {isa = PBXFileReference; lastKnownFileType = sourcecode.swift; path = SwipeDecision.swift; sourceTree = "<group>"; };
		100000000000000000000109 /* MockPhotoLibrary.swift */ = {isa = PBXFileReference; lastKnownFileType = sourcecode.swift; path = MockPhotoLibrary.swift; sourceTree = "<group>"; };
		10000000000000000000010A /* SwipeSessionViewModel.swift */ = {isa = PBXFileReference; lastKnownFileType = sourcecode.swift; path = SwipeSessionViewModel.swift; sourceTree = "<group>"; };
		10000000000000000000010B /* PhotoLibraryPermissionViewModel.swift */ = {isa = PBXFileReference; lastKnownFileType = sourcecode.swift; path = PhotoLibraryPermissionViewModel.swift; sourceTree = "<group>"; };
		10000000000000000000010C /* PhotoLibraryService.swift */ = {isa = PBXFileReference; lastKnownFileType = sourcecode.swift; path = PhotoLibraryService.swift; sourceTree = "<group>"; };
		10000000000000000000010D /* PhotoThumbnailService.swift */ = {isa = PBXFileReference; lastKnownFileType = sourcecode.swift; path = PhotoThumbnailService.swift; sourceTree = "<group>"; };
		10000000000000000000010E /* PhotoDeletionService.swift */ = {isa = PBXFileReference; lastKnownFileType = sourcecode.swift; path = PhotoDeletionService.swift; sourceTree = "<group>"; };
		10000000000000000000010F /* CleanupModesScreen.swift */ = {isa = PBXFileReference; lastKnownFileType = sourcecode.swift; path = CleanupModesScreen.swift; sourceTree = "<group>"; };
		100000000000000000000110 /* AppTheme.swift */ = {isa = PBXFileReference; lastKnownFileType = sourcecode.swift; path = AppTheme.swift; sourceTree = "<group>"; };
		100000000000000000000111 /* SettingsScreen.swift */ = {isa = PBXFileReference; lastKnownFileType = sourcecode.swift; path = SettingsScreen.swift; sourceTree = "<group>"; };
		100000000000000000000112 /* PhotoLibraryAccessHelper.swift */ = {isa = PBXFileReference; lastKnownFileType = sourcecode.swift; path = PhotoLibraryAccessHelper.swift; sourceTree = "<group>"; };
		100000000000000000000113 /* AppLanguage.swift */ = {isa = PBXFileReference; lastKnownFileType = sourcecode.swift; path = AppLanguage.swift; sourceTree = "<group>"; };
		100000000000000000000114 /* en */ = {isa = PBXFileReference; lastKnownFileType = text.plist.strings; name = en; path = en.lproj/Localizable.strings; sourceTree = "<group>"; };
		100000000000000000000115 /* ru */ = {isa = PBXFileReference; lastKnownFileType = text.plist.strings; name = ru; path = ru.lproj/Localizable.strings; sourceTree = "<group>"; };
		100000000000000000000116 /* en */ = {isa = PBXFileReference; lastKnownFileType = text.plist.strings; name = en; path = en.lproj/InfoPlist.strings; sourceTree = "<group>"; };
		100000000000000000000117 /* ru */ = {isa = PBXFileReference; lastKnownFileType = text.plist.strings; name = ru; path = ru.lproj/InfoPlist.strings; sourceTree = "<group>"; };
		100000000000000000000201 /* SwipeClean.app */ = {isa = PBXFileReference; explicitFileType = wrapper.application; includeInIndex = 0; path = SwipeClean.app; sourceTree = BUILT_PRODUCTS_DIR; };
/* End PBXFileReference section */

/* Begin PBXFrameworksBuildPhase section */
		100000000000000000000301 /* Frameworks */ = {
			isa = PBXFrameworksBuildPhase;
			buildActionMask = 2147483647;
			files = (
			);
			runOnlyForDeploymentPostprocessing = 0;
		};
/* End PBXFrameworksBuildPhase section */

/* Begin PBXResourcesBuildPhase section */
		100000000000000000000602 /* Resources */ = {
			isa = PBXResourcesBuildPhase;
			buildActionMask = 2147483647;
			files = (
				100000000000000000000014 /* Localizable.strings in Resources */,
				100000000000000000000015 /* InfoPlist.strings in Resources */,
			);
			runOnlyForDeploymentPostprocessing = 0;
		};
/* End PBXResourcesBuildPhase section */

/* Begin PBXGroup section */
		100000000000000000000401 = {
			isa = PBXGroup;
			children = (
				100000000000000000000402 /* SwipeClean */,
				100000000000000000000403 /* Products */,
			);
			sourceTree = "<group>";
		};
		100000000000000000000402 /* SwipeClean */ = {
			isa = PBXGroup;
			children = (
				100000000000000000000404 /* App */,
				100000000000000000000405 /* Features */,
				100000000000000000000413 /* Services */,
				100000000000000000000406 /* Models */,
				100000000000000000000407 /* Shared */,
				100000000000000000000416 /* Localizable.strings */,
				100000000000000000000417 /* InfoPlist.strings */,
			);
			path = SwipeClean;
			sourceTree = "<group>";
		};
		100000000000000000000403 /* Products */ = {
			isa = PBXGroup;
			children = (
				100000000000000000000201 /* SwipeClean.app */,
			);
			name = Products;
			sourceTree = "<group>";
		};
		100000000000000000000404 /* App */ = {
			isa = PBXGroup;
			children = (
				100000000000000000000101 /* SwipeCleanApp.swift */,
			);
			path = App;
			sourceTree = "<group>";
		};
		100000000000000000000405 /* Features */ = {
			isa = PBXGroup;
			children = (
				100000000000000000000408 /* Onboarding */,
				100000000000000000000414 /* CleanupModes */,
				100000000000000000000415 /* Settings */,
				100000000000000000000409 /* MonthList */,
				100000000000000000000410 /* SwipeSession */,
				100000000000000000000411 /* CleanupSummary */,
			);
			path = Features;
			sourceTree = "<group>";
		};
		100000000000000000000406 /* Models */ = {
			isa = PBXGroup;
			children = (
				100000000000000000000106 /* MonthGroup.swift */,
				100000000000000000000107 /* PhotoAsset.swift */,
				100000000000000000000108 /* SwipeDecision.swift */,
				100000000000000000000110 /* AppTheme.swift */,
				100000000000000000000113 /* AppLanguage.swift */,
			);
			path = Models;
			sourceTree = "<group>";
		};
		100000000000000000000407 /* Shared */ = {
			isa = PBXGroup;
			children = (
				100000000000000000000412 /* MockData */,
			);
			path = Shared;
			sourceTree = "<group>";
		};
		100000000000000000000408 /* Onboarding */ = {
			isa = PBXGroup;
			children = (
				100000000000000000000102 /* OnboardingScreen.swift */,
				10000000000000000000010B /* PhotoLibraryPermissionViewModel.swift */,
			);
			path = Onboarding;
			sourceTree = "<group>";
		};
		100000000000000000000409 /* MonthList */ = {
			isa = PBXGroup;
			children = (
				100000000000000000000103 /* MonthListScreen.swift */,
			);
			path = MonthList;
			sourceTree = "<group>";
		};
		100000000000000000000410 /* SwipeSession */ = {
			isa = PBXGroup;
			children = (
				100000000000000000000104 /* SwipeSessionScreen.swift */,
				10000000000000000000010A /* SwipeSessionViewModel.swift */,
			);
			path = SwipeSession;
			sourceTree = "<group>";
		};
		100000000000000000000411 /* CleanupSummary */ = {
			isa = PBXGroup;
			children = (
				100000000000000000000105 /* CleanupSummaryScreen.swift */,
			);
			path = CleanupSummary;
			sourceTree = "<group>";
		};
		100000000000000000000412 /* MockData */ = {
			isa = PBXGroup;
			children = (
				100000000000000000000109 /* MockPhotoLibrary.swift */,
			);
			path = MockData;
			sourceTree = "<group>";
		};
		100000000000000000000413 /* Services */ = {
			isa = PBXGroup;
			children = (
				10000000000000000000010C /* PhotoLibraryService.swift */,
				10000000000000000000010D /* PhotoThumbnailService.swift */,
				10000000000000000000010E /* PhotoDeletionService.swift */,
				100000000000000000000112 /* PhotoLibraryAccessHelper.swift */,
			);
			path = Services;
			sourceTree = "<group>";
		};
		100000000000000000000414 /* CleanupModes */ = {
			isa = PBXGroup;
			children = (
				10000000000000000000010F /* CleanupModesScreen.swift */,
			);
			path = CleanupModes;
			sourceTree = "<group>";
		};
		100000000000000000000415 /* Settings */ = {
			isa = PBXGroup;
			children = (
				100000000000000000000111 /* SettingsScreen.swift */,
			);
			path = Settings;
			sourceTree = "<group>";
		};
/* End PBXGroup section */

/* Begin PBXNativeTarget section */
		100000000000000000000501 /* SwipeClean */ = {
			isa = PBXNativeTarget;
			buildConfigurationList = 100000000000000000000701 /* Build configuration list for PBXNativeTarget "SwipeClean" */;
			buildPhases = (
				100000000000000000000601 /* Sources */,
				100000000000000000000602 /* Resources */,
				100000000000000000000301 /* Frameworks */,
			);
			buildRules = (
			);
			dependencies = (
			);
			name = SwipeClean;
			productName = SwipeClean;
			productReference = 100000000000000000000201 /* SwipeClean.app */;
			productType = "com.apple.product-type.application";
		};
/* End PBXNativeTarget section */

/* Begin PBXProject section */
		100000000000000000000801 /* Project object */ = {
			isa = PBXProject;
			attributes = {
				BuildIndependentTargetsInParallel = 1;
				LastSwiftUpdateCheck = 1540;
				LastUpgradeCheck = 1540;
				TargetAttributes = {
					100000000000000000000501 = {
						CreatedOnToolsVersion = 15.4;
					};
				};
			};
			buildConfigurationList = 100000000000000000000702 /* Build configuration list for PBXProject "SwipeClean" */;
			compatibilityVersion = "Xcode 14.0";
			developmentRegion = en;
			hasScannedForEncodings = 0;
			knownRegions = (
				en,
				ru,
				Base,
			);
			mainGroup = 100000000000000000000401;
			productRefGroup = 100000000000000000000403 /* Products */;
			projectDirPath = "";
			projectRoot = "";
			targets = (
				100000000000000000000501 /* SwipeClean */,
			);
		};
/* End PBXProject section */

/* Begin PBXSourcesBuildPhase section */
		100000000000000000000601 /* Sources */ = {
			isa = PBXSourcesBuildPhase;
			buildActionMask = 2147483647;
			files = (
				100000000000000000000001 /* SwipeCleanApp.swift in Sources */,
				100000000000000000000002 /* OnboardingScreen.swift in Sources */,
				10000000000000000000000B /* PhotoLibraryPermissionViewModel.swift in Sources */,
				10000000000000000000000F /* CleanupModesScreen.swift in Sources */,
				100000000000000000000011 /* SettingsScreen.swift in Sources */,
				100000000000000000000003 /* MonthListScreen.swift in Sources */,
				100000000000000000000004 /* SwipeSessionScreen.swift in Sources */,
				10000000000000000000000A /* SwipeSessionViewModel.swift in Sources */,
				100000000000000000000005 /* CleanupSummaryScreen.swift in Sources */,
				10000000000000000000000C /* PhotoLibraryService.swift in Sources */,
				10000000000000000000000D /* PhotoThumbnailService.swift in Sources */,
				10000000000000000000000E /* PhotoDeletionService.swift in Sources */,
				100000000000000000000012 /* PhotoLibraryAccessHelper.swift in Sources */,
				100000000000000000000006 /* MonthGroup.swift in Sources */,
				100000000000000000000007 /* PhotoAsset.swift in Sources */,
				100000000000000000000008 /* SwipeDecision.swift in Sources */,
				100000000000000000000010 /* AppTheme.swift in Sources */,
				100000000000000000000013 /* AppLanguage.swift in Sources */,
				100000000000000000000009 /* MockPhotoLibrary.swift in Sources */,
			);
			runOnlyForDeploymentPostprocessing = 0;
		};
/* End PBXSourcesBuildPhase section */

/* Begin PBXVariantGroup section */
		100000000000000000000416 /* Localizable.strings */ = {
			isa = PBXVariantGroup;
			children = (
				100000000000000000000114 /* en */,
				100000000000000000000115 /* ru */,
			);
			name = Localizable.strings;
			sourceTree = "<group>";
		};
		100000000000000000000417 /* InfoPlist.strings */ = {
			isa = PBXVariantGroup;
			children = (
				100000000000000000000116 /* en */,
				100000000000000000000117 /* ru */,
			);
			name = InfoPlist.strings;
			sourceTree = "<group>";
		};
/* End PBXVariantGroup section */

/* Begin XCBuildConfiguration section */
		100000000000000000000901 /* Debug */ = {
			isa = XCBuildConfiguration;
			buildSettings = {
				ALWAYS_SEARCH_USER_PATHS = NO;
				CLANG_ANALYZER_NONNULL = YES;
				CLANG_ANALYZER_NUMBER_OBJECT_CONVERSION = YES_AGGRESSIVE;
				CLANG_CXX_LANGUAGE_STANDARD = "gnu++20";
				CLANG_ENABLE_MODULES = YES;
				CLANG_ENABLE_OBJC_ARC = YES;
				CLANG_ENABLE_OBJC_WEAK = YES;
				CLANG_WARN_BLOCK_CAPTURE_AUTORELEASING = YES;
				CLANG_WARN_BOOL_CONVERSION = YES;
				CLANG_WARN_COMMA = YES;
				CLANG_WARN_CONSTANT_CONVERSION = YES;
				CLANG_WARN_DEPRECATED_OBJC_IMPLEMENTATIONS = YES;
				CLANG_WARN_DIRECT_OBJC_ISA_USAGE = YES_ERROR;
				CLANG_WARN_DOCUMENTATION_COMMENTS = YES;
				CLANG_WARN_EMPTY_BODY = YES;
				CLANG_WARN_ENUM_CONVERSION = YES;
				CLANG_WARN_INFINITE_RECURSION = YES;
				CLANG_WARN_INT_CONVERSION = YES;
				CLANG_WARN_NON_LITERAL_NULL_CONVERSION = YES;
				CLANG_WARN_OBJC_IMPLICIT_RETAIN_SELF = YES;
				CLANG_WARN_OBJC_LITERAL_CONVERSION = YES;
				CLANG_WARN_OBJC_ROOT_CLASS = YES_ERROR;
				CLANG_WARN_QUOTED_INCLUDE_IN_FRAMEWORK_HEADER = YES;
				CLANG_WARN_RANGE_LOOP_ANALYSIS = YES;
				CLANG_WARN_STRICT_PROTOTYPES = YES;
				CLANG_WARN_SUSPICIOUS_MOVE = YES;
				CLANG_WARN_UNGUARDED_AVAILABILITY = YES_AGGRESSIVE;
				CLANG_WARN_UNREACHABLE_CODE = YES;
				CLANG_WARN__DUPLICATE_METHOD_MATCH = YES;
				COPY_PHASE_STRIP = NO;
				DEBUG_INFORMATION_FORMAT = dwarf;
				ENABLE_STRICT_OBJC_MSGSEND = YES;
				ENABLE_TESTABILITY = YES;
				ENABLE_USER_SCRIPT_SANDBOXING = YES;
				GCC_C_LANGUAGE_STANDARD = gnu17;
				GCC_DYNAMIC_NO_PIC = NO;
				GCC_NO_COMMON_BLOCKS = YES;
				GCC_OPTIMIZATION_LEVEL = 0;
				GCC_PREPROCESSOR_DEFINITIONS = (
					"DEBUG=1",
					"$(inherited)",
				);
				GCC_WARN_64_TO_32_BIT_CONVERSION = YES;
				GCC_WARN_ABOUT_RETURN_TYPE = YES_ERROR;
				GCC_WARN_UNDECLARED_SELECTOR = YES;
				GCC_WARN_UNINITIALIZED_AUTOS = YES_AGGRESSIVE;
				GCC_WARN_UNUSED_FUNCTION = YES;
				GCC_WARN_UNUSED_VARIABLE = YES;
				IPHONEOS_DEPLOYMENT_TARGET = 17.0;
				MTL_ENABLE_DEBUG_INFO = INCLUDE_SOURCE;
				MTL_FAST_MATH = YES;
				ONLY_ACTIVE_ARCH = YES;
				SDKROOT = iphoneos;
				SWIFT_ACTIVE_COMPILATION_CONDITIONS = DEBUG;
				SWIFT_OPTIMIZATION_LEVEL = "-Onone";
			};
			name = Debug;
		};
		100000000000000000000902 /* Release */ = {
			isa = XCBuildConfiguration;
			buildSettings = {
				ALWAYS_SEARCH_USER_PATHS = NO;
				CLANG_ANALYZER_NONNULL = YES;
				CLANG_ANALYZER_NUMBER_OBJECT_CONVERSION = YES_AGGRESSIVE;
				CLANG_CXX_LANGUAGE_STANDARD = "gnu++20";
				CLANG_ENABLE_MODULES = YES;
				CLANG_ENABLE_OBJC_ARC = YES;
				CLANG_ENABLE_OBJC_WEAK = YES;
				CLANG_WARN_BLOCK_CAPTURE_AUTORELEASING = YES;
				CLANG_WARN_BOOL_CONVERSION = YES;
				CLANG_WARN_COMMA = YES;
				CLANG_WARN_CONSTANT_CONVERSION = YES;
				CLANG_WARN_DEPRECATED_OBJC_IMPLEMENTATIONS = YES;
				CLANG_WARN_DIRECT_OBJC_ISA_USAGE = YES_ERROR;
				CLANG_WARN_DOCUMENTATION_COMMENTS = YES;
				CLANG_WARN_EMPTY_BODY = YES;
				CLANG_WARN_ENUM_CONVERSION = YES;
				CLANG_WARN_INFINITE_RECURSION = YES;
				CLANG_WARN_INT_CONVERSION = YES;
				CLANG_WARN_NON_LITERAL_NULL_CONVERSION = YES;
				CLANG_WARN_OBJC_IMPLICIT_RETAIN_SELF = YES;
				CLANG_WARN_OBJC_LITERAL_CONVERSION = YES;
				CLANG_WARN_OBJC_ROOT_CLASS = YES_ERROR;
				CLANG_WARN_QUOTED_INCLUDE_IN_FRAMEWORK_HEADER = YES;
				CLANG_WARN_RANGE_LOOP_ANALYSIS = YES;
				CLANG_WARN_STRICT_PROTOTYPES = YES;
				CLANG_WARN_SUSPICIOUS_MOVE = YES;
				CLANG_WARN_UNGUARDED_AVAILABILITY = YES_AGGRESSIVE;
				CLANG_WARN_UNREACHABLE_CODE = YES;
				CLANG_WARN__DUPLICATE_METHOD_MATCH = YES;
				COPY_PHASE_STRIP = NO;
				DEBUG_INFORMATION_FORMAT = "dwarf-with-dsym";
				ENABLE_NS_ASSERTIONS = NO;
				ENABLE_STRICT_OBJC_MSGSEND = YES;
				ENABLE_USER_SCRIPT_SANDBOXING = YES;
				GCC_C_LANGUAGE_STANDARD = gnu17;
				GCC_NO_COMMON_BLOCKS = YES;
				GCC_WARN_64_TO_32_BIT_CONVERSION = YES;
				GCC_WARN_ABOUT_RETURN_TYPE = YES_ERROR;
				GCC_WARN_UNDECLARED_SELECTOR = YES;
				GCC_WARN_UNINITIALIZED_AUTOS = YES_AGGRESSIVE;
				GCC_WARN_UNUSED_FUNCTION = YES;
				GCC_WARN_UNUSED_VARIABLE = YES;
				IPHONEOS_DEPLOYMENT_TARGET = 17.0;
				MTL_ENABLE_DEBUG_INFO = NO;
				MTL_FAST_MATH = YES;
				SDKROOT = iphoneos;
				SWIFT_COMPILATION_MODE = wholemodule;
				SWIFT_OPTIMIZATION_LEVEL = "-O";
				VALIDATE_PRODUCT = YES;
			};
			name = Release;
		};
		100000000000000000000903 /* Debug */ = {
			isa = XCBuildConfiguration;
			buildSettings = {
				ASSETCATALOG_COMPILER_GLOBAL_ACCENT_COLOR_NAME = AccentColor;
				CODE_SIGN_STYLE = Automatic;
				CURRENT_PROJECT_VERSION = 1;
				DEVELOPMENT_ASSET_PATHS = "";
				ENABLE_PREVIEWS = YES;
				GENERATE_INFOPLIST_FILE = YES;
				INFOPLIST_KEY_UIApplicationSceneManifest_Generation = YES;
				INFOPLIST_KEY_UIApplicationSupportsIndirectInputEvents = YES;
				INFOPLIST_KEY_NSPhotoLibraryUsageDescription = "SwipeClean needs access to your photo library so you can review photos and videos by cleanup mode and choose which items to keep or delete.";
				INFOPLIST_KEY_UILaunchScreen_Generation = YES;
				INFOPLIST_KEY_UISupportedInterfaceOrientations_iPad = "UIInterfaceOrientationPortrait UIInterfaceOrientationPortraitUpsideDown UIInterfaceOrientationLandscapeLeft UIInterfaceOrientationLandscapeRight";
				INFOPLIST_KEY_UISupportedInterfaceOrientations_iPhone = "UIInterfaceOrientationPortrait UIInterfaceOrientationLandscapeLeft UIInterfaceOrientationLandscapeRight";
				IPHONEOS_DEPLOYMENT_TARGET = 17.0;
				LD_RUNPATH_SEARCH_PATHS = (
					"$(inherited)",
					"@executable_path/Frameworks",
				);
				MARKETING_VERSION = 1.0;
				PRODUCT_BUNDLE_IDENTIFIER = com.swipeclean.app;
				PRODUCT_NAME = "$(TARGET_NAME)";
				SWIFT_EMIT_LOC_STRINGS = YES;
				SWIFT_VERSION = 5.0;
				TARGETED_DEVICE_FAMILY = "1,2";
			};
			name = Debug;
		};
		100000000000000000000904 /* Release */ = {
			isa = XCBuildConfiguration;
			buildSettings = {
				ASSETCATALOG_COMPILER_GLOBAL_ACCENT_COLOR_NAME = AccentColor;
				CODE_SIGN_STYLE = Automatic;
				CURRENT_PROJECT_VERSION = 1;
				DEVELOPMENT_ASSET_PATHS = "";
				ENABLE_PREVIEWS = YES;
				GENERATE_INFOPLIST_FILE = YES;
				INFOPLIST_KEY_UIApplicationSceneManifest_Generation = YES;
				INFOPLIST_KEY_UIApplicationSupportsIndirectInputEvents = YES;
				INFOPLIST_KEY_NSPhotoLibraryUsageDescription = "SwipeClean needs access to your photo library so you can review photos and videos by cleanup mode and choose which items to keep or delete.";
				INFOPLIST_KEY_UILaunchScreen_Generation = YES;
				INFOPLIST_KEY_UISupportedInterfaceOrientations_iPad = "UIInterfaceOrientationPortrait UIInterfaceOrientationPortraitUpsideDown UIInterfaceOrientationLandscapeLeft UIInterfaceOrientationLandscapeRight";
				INFOPLIST_KEY_UISupportedInterfaceOrientations_iPhone = "UIInterfaceOrientationPortrait UIInterfaceOrientationLandscapeLeft UIInterfaceOrientationLandscapeRight";
				IPHONEOS_DEPLOYMENT_TARGET = 17.0;
				LD_RUNPATH_SEARCH_PATHS = (
					"$(inherited)",
					"@executable_path/Frameworks",
				);
				MARKETING_VERSION = 1.0;
				PRODUCT_BUNDLE_IDENTIFIER = com.swipeclean.app;
				PRODUCT_NAME = "$(TARGET_NAME)";
				SWIFT_EMIT_LOC_STRINGS = YES;
				SWIFT_VERSION = 5.0;
				TARGETED_DEVICE_FAMILY = "1,2";
			};
			name = Release;
		};
/* End XCBuildConfiguration section */

/* Begin XCConfigurationList section */
		100000000000000000000701 /* Build configuration list for PBXNativeTarget "SwipeClean" */ = {
			isa = XCConfigurationList;
			buildConfigurations = (
				100000000000000000000903 /* Debug */,
				100000000000000000000904 /* Release */,
			);
			defaultConfigurationIsVisible = 0;
			defaultConfigurationName = Release;
		};
		100000000000000000000702 /* Build configuration list for PBXProject "SwipeClean" */ = {
			isa = XCConfigurationList;
			buildConfigurations = (
				100000000000000000000901 /* Debug */,
				100000000000000000000902 /* Release */,
			);
			defaultConfigurationIsVisible = 0;
			defaultConfigurationName = Release;
		};
/* End XCConfigurationList section */
	};
	rootObject = 100000000000000000000801 /* Project object */;
}
